{
  "name": "webapp",
  "version": "1.0.0",
  "lockfileVersion": 2,
  "requires": true,
  "packages": {
    "": {
      "name": "webapp",
      "version": "1.0.0",
      "license": "MIT",
      "devDependencies": {
        "@azure/msal-browser": "^2.25.0",
        "spectre.css": "^0.5.9"
      }
    },
    "node_modules/@azure/msal-browser": {
      "version": "2.25.0",
      "resolved": "https://registry.npmjs.org/@azure/msal-browser/-/msal-browser-2.25.0.tgz",
      "integrity": "sha512-hXyqNqNO1pcGqfPLBFutqlsk4VvXXuj0SLXdFpV3dq/dPUgbXDj+9ZkY/Lm+GyqWKBjKuU2AXDOhL9qDjwAWVw==",
      "dev": true,
      "dependencies": {
        "@azure/msal-common": "^6.4.0"
      },
      "engines": {
        "node": ">=0.8.0"
      }
    },
    "node_modules/@azure/msal-common": {
      "version": "6.4.0",
      "resolved": "https://registry.npmjs.org/@azure/msal-common/-/msal-common-6.4.0.tgz",
      "integrity": "sha512-WZdgq9f9O8cbxGzdRwLLMM5xjmLJ2mdtuzgXeiGxIRkVVlJ9nZ6sWnDFKa2TX8j72UXD1IfL0p/RYNoTXYoGfg==",
      "dev": true,
      "engines": {
        "node": ">=0.8.0"
      }
    },
    "node_modules/spectre.css": {
      "version": "0.5.9",
      "resolved": "https://registry.npmjs.org/spectre.css/-/spectre.css-0.5.9.tgz",
      "integrity": "sha512-9jUqwZmCnvflrxFGcK+ize43TvjwDjqMwZPVubEtSIHzvinH0TBUESm1LcOJx3Ur7bdPaeOHQIjOqBl1Y5kLFw==",
      "dev": true
    }
  },
  "dependencies": {
    "@azure/msal-browser": {
      "version": "2.25.0",
      "resolved": "https://registry.npmjs.org/@azure/msal-browser/-/msal-browser-2.25.0.tgz",
      "integrity": "sha512-hXyqNqNO1pcGqfPLBFutqlsk4VvXXuj0SLXdFpV3dq/dPUgbXDj+9ZkY/Lm+GyqWKBjKuU2AXDOhL9qDjwAWVw==",
      "dev": true,
      "requires": {
        "@azure/msal-common": "^6.4.0"
      }
    },
    "@azure/msal-common": {
      "version": "6.4.0",
      "resolved": "https://registry.npmjs.org/@azure/msal-common/-/msal-common-6.4.0.tgz",
      "integrity": "sha512-WZdgq9f9O8cbxGzdRwLLMM5xjmLJ2mdtuzgXeiGxIRkVVlJ9nZ6sWnDFKa2TX8j72UXD1IfL0p/RYNoTXYoGfg==",
      "dev": true
    },
    "spectre.css": {
      "version": "0.5.9",
      "resolved": "https://registry.npmjs.org/spectre.css/-/spectre.css-0.5.9.tgz",
      "integrity": "sha512-9jUqwZmCnvflrxFGcK+ize43TvjwDjqMwZPVubEtSIHzvinH0TBUESm1LcOJx3Ur7bdPaeOHQIjOqBl1Y5kLFw==",
      "dev": true
    }
  }
}
